
Microsoft Visual Studio Solution File, Format Version 12.00
# Visual Studio Version 17
VisualStudioVersion = 17.11.35431.28
MinimumVisualStudioVersion = 10.0.40219.1
Project("{FAE04EC0-301F-11D3-BF4B-00C04F79EFBC}") = "StudentProgressReport_3", "StudentProgressReport_3\StudentProgressReport_3.csproj", "{FDBD695C-D3EA-4D21-9012-B34416E001F9}"
EndProject
Global
	GlobalSection(SolutionConfigurationPlatforms) = preSolution
		Debug|Any CPU = Debug|Any CPU
		Release|Any CPU = Release|Any CPU
	EndGlobalSection
	GlobalSection(ProjectConfigurationPlatforms) = postSolution
		{FDBD695C-D3EA-4D21-9012-B34416E001F9}.Debug|Any CPU.ActiveCfg = Debug|Any CPU
		{FDBD695C-D3EA-4D21-9012-B34416E001F9}.Debug|Any CPU.Build.0 = Debug|Any CPU
		{FDBD695C-D3EA-4D21-9012-B34416E001F9}.Release|Any CPU.ActiveCfg = Release|Any CPU
		{FDBD695C-D3EA-4D21-9012-B34416E001F9}.Release|Any CPU.Build.0 = Release|Any CPU
	EndGlobalSection
	GlobalSection(SolutionProperties) = preSolution
		HideSolutionNode = FALSE
	EndGlobalSection
	GlobalSection(ExtensibilityGlobals) = postSolution
		SolutionGuid = {CBFEEAD0-3083-4240-A64E-18EE773F12AD}
	EndGlobalSection
EndGlobal
